
Microsoft Visual Studio Solution File, Format Version 12.00
Project("{FAE04EC0-301F-11D3-BF4B-00C04F79EFBC}") = "Game-of-life", "Game-of-life\Game-of-life.csproj", "{5C642E77-B89E-4D9B-87CE-4DAB660B55A0}"
EndProject
Global
	GlobalSection(SolutionConfigurationPlatforms) = preSolution
		Debug|Any CPU = Debug|Any CPU
		Release|Any CPU = Release|Any CPU
	EndGlobalSection
	GlobalSection(ProjectConfigurationPlatforms) = postSolution
		{5C642E77-B89E-4D9B-87CE-4DAB660B55A0}.Debug|Any CPU.ActiveCfg = Debug|Any CPU
		{5C642E77-B89E-4D9B-87CE-4DAB660B55A0}.Debug|Any CPU.Build.0 = Debug|Any CPU
		{5C642E77-B89E-4D9B-87CE-4DAB660B55A0}.Release|Any CPU.ActiveCfg = Release|Any CPU
		{5C642E77-B89E-4D9B-87CE-4DAB660B55A0}.Release|Any CPU.Build.0 = Release|Any CPU
	EndGlobalSection
EndGlobal
